
Microsoft Visual Studio Solution File, Format Version 12.00
# Visual Studio 2012
Project("{FAE04EC0-301F-11D3-BF4B-00C04F79EFBC}") = "SerializationProviders", "src\SerializationProviders\SerializationProviders.csproj", "{83151C6C-1CA7-41E4-BFE6-49A773015126}"
EndProject
Project("{FAE04EC0-301F-11D3-BF4B-00C04F79EFBC}") = "SerializationProviders.Tests", "src\SerializationProviders.Tests\SerializationProviders.Tests.csproj", "{465A5798-F21D-4F3E-87EF-C719FA6D2D22}"
EndProject
Global
	GlobalSection(SolutionConfigurationPlatforms) = preSolution
		Debug|Any CPU = Debug|Any CPU
		Release|Any CPU = Release|Any CPU
	EndGlobalSection
	GlobalSection(ProjectConfigurationPlatforms) = postSolution
		{83151C6C-1CA7-41E4-BFE6-49A773015126}.Debug|Any CPU.ActiveCfg = Debug|Any CPU
		{83151C6C-1CA7-41E4-BFE6-49A773015126}.Debug|Any CPU.Build.0 = Debug|Any CPU
		{83151C6C-1CA7-41E4-BFE6-49A773015126}.Release|Any CPU.ActiveCfg = Release|Any CPU
		{83151C6C-1CA7-41E4-BFE6-49A773015126}.Release|Any CPU.Build.0 = Release|Any CPU
		{465A5798-F21D-4F3E-87EF-C719FA6D2D22}.Debug|Any CPU.ActiveCfg = Debug|Any CPU
		{465A5798-F21D-4F3E-87EF-C719FA6D2D22}.Debug|Any CPU.Build.0 = Debug|Any CPU
		{465A5798-F21D-4F3E-87EF-C719FA6D2D22}.Release|Any CPU.ActiveCfg = Release|Any CPU
		{465A5798-F21D-4F3E-87EF-C719FA6D2D22}.Release|Any CPU.Build.0 = Release|Any CPU
	EndGlobalSection
	GlobalSection(SolutionProperties) = preSolution
		HideSolutionNode = FALSE
	EndGlobalSection
EndGlobal
